
Microsoft Visual Studio Solution File, Format Version 12.00
# Visual Studio Version 17
VisualStudioVersion = 17.0.31903.59
MinimumVisualStudioVersion = 10.0.40219.1
Project("{2150E333-8FDC-42A3-9474-1A3956D46DE8}") = "src", "src", "{827E0CD3-B72D-47B6-A68D-7590B98EB39B}"
EndProject
Project("{FAE04EC0-301F-11D3-BF4B-00C04F79EFBC}") = "CareApp.Domain", "src\CareApp.Domain\CareApp.Domain.csproj", "{6A521077-FAB4-457A-817B-B424FC239977}"
EndProject
Project("{FAE04EC0-301F-11D3-BF4B-00C04F79EFBC}") = "CareApp.Application", "src\CareApp.Application\CareApp.Application.csproj", "{88AE331A-FBA5-4CA8-A3D6-39E8202E432D}"
EndProject
Project("{FAE04EC0-301F-11D3-BF4B-00C04F79EFBC}") = "CareApp.Infrastructure", "src\CareApp.Infrastructure\CareApp.Infrastructure.csproj", "{CB892069-2422-48F0-A185-84F252B75C27}"
EndProject
Project("{FAE04EC0-301F-11D3-BF4B-00C04F79EFBC}") = "CareApp.Api", "src\CareApp.Api\CareApp.Api.csproj", "{44DAC6E9-8B11-44A0-980F-93900DBF5650}"
EndProject
Project("{2150E333-8FDC-42A3-9474-1A3956D46DE8}") = "tests", "tests", "{0AB3BF05-4346-4AA6-1389-037BE0695223}"
EndProject
Project("{FAE04EC0-301F-11D3-BF4B-00C04F79EFBC}") = "CareApp.Tests.Unit", "tests\CareApp.Tests.Unit\CareApp.Tests.Unit.csproj", "{365E1461-2794-4157-B172-D6F4BEB546AF}"
EndProject
Project("{FAE04EC0-301F-11D3-BF4B-00C04F79EFBC}") = "CareApp.Tests.Integration", "tests\CareApp.Tests.Integration\CareApp.Tests.Integration.csproj", "{4EC1149D-7547-47C1-9BFC-34F982626FB5}"
EndProject
Global
	GlobalSection(SolutionConfigurationPlatforms) = preSolution
		Debug|Any CPU = Debug|Any CPU
		Debug|x64 = Debug|x64
		Debug|x86 = Debug|x86
		Release|Any CPU = Release|Any CPU
		Release|x64 = Release|x64
		Release|x86 = Release|x86
	EndGlobalSection
	GlobalSection(ProjectConfigurationPlatforms) = postSolution
		{6A521077-FAB4-457A-817B-B424FC239977}.Debug|Any CPU.ActiveCfg = Debug|Any CPU
		{6A521077-FAB4-457A-817B-B424FC239977}.Debug|Any CPU.Build.0 = Debug|Any CPU
		{6A521077-FAB4-457A-817B-B424FC239977}.Debug|x64.ActiveCfg = Debug|Any CPU
		{6A521077-FAB4-457A-817B-B424FC239977}.Debug|x64.Build.0 = Debug|Any CPU
		{6A521077-FAB4-457A-817B-B424FC239977}.Debug|x86.ActiveCfg = Debug|Any CPU
		{6A521077-FAB4-457A-817B-B424FC239977}.Debug|x86.Build.0 = Debug|Any CPU
		{6A521077-FAB4-457A-817B-B424FC239977}.Release|Any CPU.ActiveCfg = Release|Any CPU
		{6A521077-FAB4-457A-817B-B424FC239977}.Release|Any CPU.Build.0 = Release|Any CPU
		{6A521077-FAB4-457A-817B-B424FC239977}.Release|x64.ActiveCfg = Release|Any CPU
		{6A521077-FAB4-457A-817B-B424FC239977}.Release|x64.Build.0 = Release|Any CPU
		{6A521077-FAB4-457A-817B-B424FC239977}.Release|x86.ActiveCfg = Release|Any CPU
		{6A521077-FAB4-457A-817B-B424FC239977}.Release|x86.Build.0 = Release|Any CPU
		{88AE331A-FBA5-4CA8-A3D6-39E8202E432D}.Debug|Any CPU.ActiveCfg = Debug|Any CPU
		{88AE331A-FBA5-4CA8-A3D6-39E8202E432D}.Debug|Any CPU.Build.0 = Debug|Any CPU
		{88AE331A-FBA5-4CA8-A3D6-39E8202E432D}.Debug|x64.ActiveCfg = Debug|Any CPU
		{88AE331A-FBA5-4CA8-A3D6-39E8202E432D}.Debug|x64.Build.0 = Debug|Any CPU
		{88AE331A-FBA5-4CA8-A3D6-39E8202E432D}.Debug|x86.ActiveCfg = Debug|Any CPU
		{88AE331A-FBA5-4CA8-A3D6-39E8202E432D}.Debug|x86.Build.0 = Debug|Any CPU
		{88AE331A-FBA5-4CA8-A3D6-39E8202E432D}.Release|Any CPU.ActiveCfg = Release|Any CPU
		{88AE331A-FBA5-4CA8-A3D6-39E8202E432D}.Release|Any CPU.Build.0 = Release|Any CPU
		{88AE331A-FBA5-4CA8-A3D6-39E8202E432D}.Release|x64.ActiveCfg = Release|Any CPU
		{88AE331A-FBA5-4CA8-A3D6-39E8202E432D}.Release|x64.Build.0 = Release|Any CPU
		{88AE331A-FBA5-4CA8-A3D6-39E8202E432D}.Release|x86.ActiveCfg = Release|Any CPU
		{88AE331A-FBA5-4CA8-A3D6-39E8202E432D}.Release|x86.Build.0 = Release|Any CPU
		{CB892069-2422-48F0-A185-84F252B75C27}.Debug|Any CPU.ActiveCfg = Debug|Any CPU
		{CB892069-2422-48F0-A185-84F252B75C27}.Debug|Any CPU.Build.0 = Debug|Any CPU
		{CB892069-2422-48F0-A185-84F252B75C27}.Debug|x64.ActiveCfg = Debug|Any CPU
		{CB892069-2422-48F0-A185-84F252B75C27}.Debug|x64.Build.0 = Debug|Any CPU
		{CB892069-2422-48F0-A185-84F252B75C27}.Debug|x86.ActiveCfg = Debug|Any CPU
		{CB892069-2422-48F0-A185-84F252B75C27}.Debug|x86.Build.0 = Debug|Any CPU
		{CB892069-2422-48F0-A185-84F252B75C27}.Release|Any CPU.ActiveCfg = Release|Any CPU
		{CB892069-2422-48F0-A185-84F252B75C27}.Release|Any CPU.Build.0 = Release|Any CPU
		{CB892069-2422-48F0-A185-84F252B75C27}.Release|x64.ActiveCfg = Release|Any CPU
		{CB892069-2422-48F0-A185-84F252B75C27}.Release|x64.Build.0 = Release|Any CPU
		{CB892069-2422-48F0-A185-84F252B75C27}.Release|x86.ActiveCfg = Release|Any CPU
		{CB892069-2422-48F0-A185-84F252B75C27}.Release|x86.Build.0 = Release|Any CPU
		{44DAC6E9-8B11-44A0-980F-93900DBF5650}.Debug|Any CPU.ActiveCfg = Debug|Any CPU
		{44DAC6E9-8B11-44A0-980F-93900DBF5650}.Debug|Any CPU.Build.0 = Debug|Any CPU
		{44DAC6E9-8B11-44A0-980F-93900DBF5650}.Debug|x64.ActiveCfg = Debug|Any CPU
		{44DAC6E9-8B11-44A0-980F-93900DBF5650}.Debug|x64.Build.0 = Debug|Any CPU
		{44DAC6E9-8B11-44A0-980F-93900DBF5650}.Debug|x86.ActiveCfg = Debug|Any CPU
		{44DAC6E9-8B11-44A0-980F-93900DBF5650}.Debug|x86.Build.0 = Debug|Any CPU
		{44DAC6E9-8B11-44A0-980F-93900DBF5650}.Release|Any CPU.ActiveCfg = Release|Any CPU
		{44DAC6E9-8B11-44A0-980F-93900DBF5650}.Release|Any CPU.Build.0 = Release|Any CPU
		{44DAC6E9-8B11-44A0-980F-93900DBF5650}.Release|x64.ActiveCfg = Release|Any CPU
		{44DAC6E9-8B11-44A0-980F-93900DBF5650}.Release|x64.Build.0 = Release|Any CPU
		{44DAC6E9-8B11-44A0-980F-93900DBF5650}.Release|x86.ActiveCfg = Release|Any CPU
		{44DAC6E9-8B11-44A0-980F-93900DBF5650}.Release|x86.Build.0 = Release|Any CPU
		{365E1461-2794-4157-B172-D6F4BEB546AF}.Debug|Any CPU.ActiveCfg = Debug|Any CPU
		{365E1461-2794-4157-B172-D6F4BEB546AF}.Debug|Any CPU.Build.0 = Debug|Any CPU
		{365E1461-2794-4157-B172-D6F4BEB546AF}.Debug|x64.ActiveCfg = Debug|Any CPU
		{365E1461-2794-4157-B172-D6F4BEB546AF}.Debug|x64.Build.0 = Debug|Any CPU
		{365E1461-2794-4157-B172-D6F4BEB546AF}.Debug|x86.ActiveCfg = Debug|Any CPU
		{365E1461-2794-4157-B172-D6F4BEB546AF}.Debug|x86.Build.0 = Debug|Any CPU
		{365E1461-2794-4157-B172-D6F4BEB546AF}.Release|Any CPU.ActiveCfg = Release|Any CPU
		{365E1461-2794-4157-B172-D6F4BEB546AF}.Release|Any CPU.Build.0 = Release|Any CPU
		{365E1461-2794-4157-B172-D6F4BEB546AF}.Release|x64.ActiveCfg = Release|Any CPU
		{365E1461-2794-4157-B172-D6F4BEB546AF}.Release|x64.Build.0 = Release|Any CPU
		{365E1461-2794-4157-B172-D6F4BEB546AF}.Release|x86.ActiveCfg = Release|Any CPU
		{365E1461-2794-4157-B172-D6F4BEB546AF}.Release|x86.Build.0 = Release|Any CPU
		{4EC1149D-7547-47C1-9BFC-34F982626FB5}.Debug|Any CPU.ActiveCfg = Debug|Any CPU
		{4EC1149D-7547-47C1-9BFC-34F982626FB5}.Debug|Any CPU.Build.0 = Debug|Any CPU
		{4EC1149D-7547-47C1-9BFC-34F982626FB5}.Debug|x64.ActiveCfg = Debug|Any CPU
		{4EC1149D-7547-47C1-9BFC-34F982626FB5}.Debug|x64.Build.0 = Debug|Any CPU
		{4EC1149D-7547-47C1-9BFC-34F982626FB5}.Debug|x86.ActiveCfg = Debug|Any CPU
		{4EC1149D-7547-47C1-9BFC-34F982626FB5}.Debug|x86.Build.0 = Debug|Any CPU
		{4EC1149D-7547-47C1-9BFC-34F982626FB5}.Release|Any CPU.ActiveCfg = Release|Any CPU
		{4EC1149D-7547-47C1-9BFC-34F982626FB5}.Release|Any CPU.Build.0 = Release|Any CPU
		{4EC1149D-7547-47C1-9BFC-34F982626FB5}.Release|x64.ActiveCfg = Release|Any CPU
		{4EC1149D-7547-47C1-9BFC-34F982626FB5}.Release|x64.Build.0 = Release|Any CPU
		{4EC1149D-7547-47C1-9BFC-34F982626FB5}.Release|x86.ActiveCfg = Release|Any CPU
		{4EC1149D-7547-47C1-9BFC-34F982626FB5}.Release|x86.Build.0 = Release|Any CPU
	EndGlobalSection
	GlobalSection(SolutionProperties) = preSolution
		HideSolutionNode = FALSE
	EndGlobalSection
	GlobalSection(NestedProjects) = preSolution
		{6A521077-FAB4-457A-817B-B424FC239977} = {827E0CD3-B72D-47B6-A68D-7590B98EB39B}
		{88AE331A-FBA5-4CA8-A3D6-39E8202E432D} = {827E0CD3-B72D-47B6-A68D-7590B98EB39B}
		{CB892069-2422-48F0-A185-84F252B75C27} = {827E0CD3-B72D-47B6-A68D-7590B98EB39B}
		{44DAC6E9-8B11-44A0-980F-93900DBF5650} = {827E0CD3-B72D-47B6-A68D-7590B98EB39B}
		{365E1461-2794-4157-B172-D6F4BEB546AF} = {0AB3BF05-4346-4AA6-1389-037BE0695223}
		{4EC1149D-7547-47C1-9BFC-34F982626FB5} = {0AB3BF05-4346-4AA6-1389-037BE0695223}
	EndGlobalSection
EndGlobal
